// !$*UTF8*$!
{
	archiveVersion = 1;
	classes = {
	};
	objectVersion = 50;
	objects = {

/* Begin PBXBuildFile section */
		855064E020A37BBE0039E9AD /* AppDelegate.swift in Sources */ = {isa = PBXBuildFile; fileRef = 855064DF20A37BBE0039E9AD /* AppDelegate.swift */; };
		855064E220A37BBE0039E9AD /* ViewController1.swift in Sources */ = {isa = PBXBuildFile; fileRef = 855064E120A37BBE0039E9AD /* ViewController1.swift */; };
		855064E520A37BBE0039E9AD /* Main.storyboard in Resources */ = {isa = PBXBuildFile; fileRef = 855064E320A37BBE0039E9AD /* Main.storyboard */; };
		855064E720A37BC00039E9AD /* Assets.xcassets in Resources */ = {isa = PBXBuildFile; fileRef = 855064E620A37BC00039E9AD /* Assets.xcassets */; };
		855064EA20A37BC00039E9AD /* LaunchScreen.storyboard in Resources */ = {isa = PBXBuildFile; fileRef = 855064E820A37BC00039E9AD /* LaunchScreen.storyboard */; };
		855064F520A37BC00039E9AD /* MoodieTests.swift in Sources */ = {isa = PBXBuildFile; fileRef = 855064F420A37BC00039E9AD /* MoodieTests.swift */; };
		8550650020A8CD390039E9AD /* ViewController2.swift in Sources */ = {isa = PBXBuildFile; fileRef = 855064FF20A8CD390039E9AD /* ViewController2.swift */; };
		8550650220A8D7F50039E9AD /* User.swift in Sources */ = {isa = PBXBuildFile; fileRef = 8550650120A8D7F50039E9AD /* User.swift */; };
		8550650620A8E1640039E9AD /* VC1Test.swift in Sources */ = {isa = PBXBuildFile; fileRef = 8550650520A8E1640039E9AD /* VC1Test.swift */; };
		8550650A20A8F2F10039E9AD /* ViewController3.swift in Sources */ = {isa = PBXBuildFile; fileRef = 8550650920A8F2F10039E9AD /* ViewController3.swift */; };
		8581E52C20AA14A70012C695 /* ViewController4.swift in Sources */ = {isa = PBXBuildFile; fileRef = 8581E52B20AA14A70012C695 /* ViewController4.swift */; };
		8587085F20AA592200190A0C /* ViewController5.swift in Sources */ = {isa = PBXBuildFile; fileRef = 8587085E20AA592200190A0C /* ViewController5.swift */; };
		8587086120AA5B0B00190A0C /* Entry.swift in Sources */ = {isa = PBXBuildFile; fileRef = 8587086020AA5B0B00190A0C /* Entry.swift */; };
		8587086320AA701500190A0C /* ViewController6.swift in Sources */ = {isa = PBXBuildFile; fileRef = 8587086220AA701500190A0C /* ViewController6.swift */; };
/* End PBXBuildFile section */

/* Begin PBXContainerItemProxy section */
		855064F120A37BC00039E9AD /* PBXContainerItemProxy */ = {
			isa = PBXContainerItemProxy;
			containerPortal = 855064D420A37BBE0039E9AD /* Project object */;
			proxyType = 1;
			remoteGlobalIDString = 855064DB20A37BBE0039E9AD;
			remoteInfo = Moodie;
		};
/* End PBXContainerItemProxy section */

/* Begin PBXFileReference section */
		855064DC20A37BBE0039E9AD /* Moodie.app */ = {isa = PBXFileReference; explicitFileType = wrapper.application; includeInIndex = 0; path = Moodie.app; sourceTree = BUILT_PRODUCTS_DIR; };
		855064DF20A37BBE0039E9AD /* AppDelegate.swift */ = {isa = PBXFileReference; lastKnownFileType = sourcecode.swift; path = AppDelegate.swift; sourceTree = "<group>"; };
		855064E120A37BBE0039E9AD /* ViewController1.swift */ = {isa = PBXFileReference; lastKnownFileType = sourcecode.swift; path = ViewController1.swift; sourceTree = "<group>"; };
		855064E420A37BBE0039E9AD /* Base */ = {isa = PBXFileReference; lastKnownFileType = file.storyboard; name = Base; path = Base.lproj/Main.storyboard; sourceTree = "<group>"; };
		855064E620A37BC00039E9AD /* Assets.xcassets */ = {isa = PBXFileReference; lastKnownFileType = folder.assetcatalog; path = Assets.xcassets; sourceTree = "<group>"; };
		855064E920A37BC00039E9AD /* Base */ = {isa = PBXFileReference; lastKnownFileType = file.storyboard; name = Base; path = Base.lproj/LaunchScreen.storyboard; sourceTree = "<group>"; };
		855064EB20A37BC00039E9AD /* Info.plist */ = {isa = PBXFileReference; lastKnownFileType = text.plist.xml; path = Info.plist; sourceTree = "<group>"; };
		855064F020A37BC00039E9AD /* MoodieTests.xctest */ = {isa = PBXFileReference; explicitFileType = wrapper.cfbundle; includeInIndex = 0; path = MoodieTests.xctest; sourceTree = BUILT_PRODUCTS_DIR; };
		855064F420A37BC00039E9AD /* MoodieTests.swift */ = {isa = PBXFileReference; lastKnownFileType = sourcecode.swift; path = MoodieTests.swift; sourceTree = "<group>"; };
		855064F620A37BC00039E9AD /* Info.plist */ = {isa = PBXFileReference; lastKnownFileType = text.plist.xml; path = Info.plist; sourceTree = "<group>"; };
		855064FF20A8CD390039E9AD /* ViewController2.swift */ = {isa = PBXFileReference; lastKnownFileType = sourcecode.swift; path = ViewController2.swift; sourceTree = "<group>"; };
		8550650120A8D7F50039E9AD /* User.swift */ = {isa = PBXFileReference; lastKnownFileType = sourcecode.swift; path = User.swift; sourceTree = "<group>"; };
		8550650520A8E1640039E9AD /* VC1Test.swift */ = {isa = PBXFileReference; lastKnownFileType = sourcecode.swift; path = VC1Test.swift; sourceTree = "<group>"; };
		8550650920A8F2F10039E9AD /* ViewController3.swift */ = {isa = PBXFileReference; lastKnownFileType = sourcecode.swift; path = ViewController3.swift; sourceTree = "<group>"; };
		8581E52B20AA14A70012C695 /* ViewController4.swift */ = {isa = PBXFileReference; lastKnownFileType = sourcecode.swift; path = ViewController4.swift; sourceTree = "<group>"; };
		8587085E20AA592200190A0C /* ViewController5.swift */ = {isa = PBXFileReference; lastKnownFileType = sourcecode.swift; path = ViewController5.swift; sourceTree = "<group>"; };
		8587086020AA5B0B00190A0C /* Entry.swift */ = {isa = PBXFileReference; lastKnownFileType = sourcecode.swift; path = Entry.swift; sourceTree = "<group>"; };
		8587086220AA701500190A0C /* ViewController6.swift */ = {isa = PBXFileReference; lastKnownFileType = sourcecode.swift; path = ViewController6.swift; sourceTree = "<group>"; };
/* End PBXFileReference section */

/* Begin PBXFrameworksBuildPhase section */
		855064D920A37BBE0039E9AD /* Frameworks */ = {
			isa = PBXFrameworksBuildPhase;
			buildActionMask = 2147483647;
			files = (
			);
			runOnlyForDeploymentPostprocessing = 0;
		};
		855064ED20A37BC00039E9AD /* Frameworks */ = {
			isa = PBXFrameworksBuildPhase;
			buildActionMask = 2147483647;
			files = (
			);
			runOnlyForDeploymentPostprocessing = 0;
		};
/* End PBXFrameworksBuildPhase section */

/* Begin PBXGroup section */
		855064D320A37BBE0039E9AD = {
			isa = PBXGroup;
			children = (
				855064DE20A37BBE0039E9AD /* Moodie */,
				855064F320A37BC00039E9AD /* MoodieTests */,
				855064DD20A37BBE0039E9AD /* Products */,
			);
			sourceTree = "<group>";
		};
		855064DD20A37BBE0039E9AD /* Products */ = {
			isa = PBXGroup;
			children = (
				855064DC20A37BBE0039E9AD /* Moodie.app */,
				855064F020A37BC00039E9AD /* MoodieTests.xctest */,
			);
			name = Products;
			sourceTree = "<group>";
		};
		855064DE20A37BBE0039E9AD /* Moodie */ = {
			isa = PBXGroup;
			children = (
				855064DF20A37BBE0039E9AD /* AppDelegate.swift */,
				855064E120A37BBE0039E9AD /* ViewController1.swift */,
				855064E320A37BBE0039E9AD /* Main.storyboard */,
				855064E620A37BC00039E9AD /* Assets.xcassets */,
				855064E820A37BC00039E9AD /* LaunchScreen.storyboard */,
				855064EB20A37BC00039E9AD /* Info.plist */,
				855064FF20A8CD390039E9AD /* ViewController2.swift */,
				8550650120A8D7F50039E9AD /* User.swift */,
				8550650920A8F2F10039E9AD /* ViewController3.swift */,
				8581E52B20AA14A70012C695 /* ViewController4.swift */,
				8587085E20AA592200190A0C /* ViewController5.swift */,
				8587086020AA5B0B00190A0C /* Entry.swift */,
				8587086220AA701500190A0C /* ViewController6.swift */,
			);
			path = Moodie;
			sourceTree = "<group>";
		};
		855064F320A37BC00039E9AD /* MoodieTests */ = {
			isa = PBXGroup;
			children = (
				855064F420A37BC00039E9AD /* MoodieTests.swift */,
				855064F620A37BC00039E9AD /* Info.plist */,
				8550650520A8E1640039E9AD /* VC1Test.swift */,
			);
			path = MoodieTests;
			sourceTree = "<group>";
		};
/* End PBXGroup section */

/* Begin PBXNativeTarget section */
		855064DB20A37BBE0039E9AD /* Moodie */ = {
			isa = PBXNativeTarget;
			buildConfigurationList = 855064F920A37BC00039E9AD /* Build configuration list for PBXNativeTarget "Moodie" */;
			buildPhases = (
				855064D820A37BBE0039E9AD /* Sources */,
				855064D920A37BBE0039E9AD /* Frameworks */,
				855064DA20A37BBE0039E9AD /* Resources */,
			);
			buildRules = (
			);
			dependencies = (
			);
			name = Moodie;
			productName = Moodie;
			productReference = 855064DC20A37BBE0039E9AD /* Moodie.app */;
			productType = "com.apple.product-type.application";
		};
		855064EF20A37BC00039E9AD /* MoodieTests */ = {
			isa = PBXNativeTarget;
			buildConfigurationList = 855064FC20A37BC00039E9AD /* Build configuration list for PBXNativeTarget "MoodieTests" */;
			buildPhases = (
				855064EC20A37BC00039E9AD /* Sources */,
				855064ED20A37BC00039E9AD /* Frameworks */,
				855064EE20A37BC00039E9AD /* Resources */,
			);
			buildRules = (
			);
			dependencies = (
				855064F220A37BC00039E9AD /* PBXTargetDependency */,
			);
			name = MoodieTests;
			productName = MoodieTests;
			productReference = 855064F020A37BC00039E9AD /* MoodieTests.xctest */;
			productType = "com.apple.product-type.bundle.unit-test";
		};
/* End PBXNativeTarget section */

/* Begin PBXProject section */
		855064D420A37BBE0039E9AD /* Project object */ = {
			isa = PBXProject;
			attributes = {
				LastSwiftUpdateCheck = 0930;
				LastUpgradeCheck = 0930;
				ORGANIZATIONNAME = Griffin;
				TargetAttributes = {
					855064DB20A37BBE0039E9AD = {
						CreatedOnToolsVersion = 9.3;
					};
					855064EF20A37BC00039E9AD = {
						CreatedOnToolsVersion = 9.3;
						TestTargetID = 855064DB20A37BBE0039E9AD;
					};
				};
			};
			buildConfigurationList = 855064D720A37BBE0039E9AD /* Build configuration list for PBXProject "Moodie" */;
			compatibilityVersion = "Xcode 9.3";
			developmentRegion = en;
			hasScannedForEncodings = 0;
			knownRegions = (
				en,
				Base,
			);
			mainGroup = 855064D320A37BBE0039E9AD;
			productRefGroup = 855064DD20A37BBE0039E9AD /* Products */;
			projectDirPath = "";
			projectRoot = "";
			targets = (
				855064DB20A37BBE0039E9AD /* Moodie */,
				855064EF20A37BC00039E9AD /* MoodieTests */,
			);
		};
/* End PBXProject section */

/* Begin PBXResourcesBuildPhase section */
		855064DA20A37BBE0039E9AD /* Resources */ = {
			isa = PBXResourcesBuildPhase;
			buildActionMask = 2147483647;
			files = (
				855064EA20A37BC00039E9AD /* LaunchScreen.storyboard in Resources */,
				855064E720A37BC00039E9AD /* Assets.xcassets in Resources */,
				855064E520A37BBE0039E9AD /* Main.storyboard in Resources */,
			);
			runOnlyForDeploymentPostprocessing = 0;
		};
		855064EE20A37BC00039E9AD /* Resources */ = {
			isa = PBXResourcesBuildPhase;
			buildActionMask = 2147483647;
			files = (
			);
			runOnlyForDeploymentPostprocessing = 0;
		};
/* End PBXResourcesBuildPhase section */

/* Begin PBXSourcesBuildPhase section */
		855064D820A37BBE0039E9AD /* Sources */ = {
			isa = PBXSourcesBuildPhase;
			buildActionMask = 2147483647;
			files = (
				8587086120AA5B0B00190A0C /* Entry.swift in Sources */,
				8550650A20A8F2F10039E9AD /* ViewController3.swift in Sources */,
				8581E52C20AA14A70012C695 /* ViewController4.swift in Sources */,
				8550650220A8D7F50039E9AD /* User.swift in Sources */,
				855064E220A37BBE0039E9AD /* ViewController1.swift in Sources */,
				855064E020A37BBE0039E9AD /* AppDelegate.swift in Sources */,
				8587086320AA701500190A0C /* ViewController6.swift in Sources */,
				8550650020A8CD390039E9AD /* ViewController2.swift in Sources */,
				8587085F20AA592200190A0C /* ViewController5.swift in Sources */,
			);
			runOnlyForDeploymentPostprocessing = 0;
		};
		855064EC20A37BC00039E9AD /* Sources */ = {
			isa = PBXSourcesBuildPhase;
			buildActionMask = 2147483647;
			files = (
				8550650620A8E1640039E9AD /* VC1Test.swift in Sources */,
				855064F520A37BC00039E9AD /* MoodieTests.swift in Sources */,
			);
			runOnlyForDeploymentPostprocessing = 0;
		};
/* End PBXSourcesBuildPhase section */

/* Begin PBXTargetDependency section */
		855064F220A37BC00039E9AD /* PBXTargetDependency */ = {
			isa = PBXTargetDependency;
			target = 855064DB20A37BBE0039E9AD /* Moodie */;
			targetProxy = 855064F120A37BC00039E9AD /* PBXContainerItemProxy */;
		};
/* End PBXTargetDependency section */

/* Begin PBXVariantGroup section */
		855064E320A37BBE0039E9AD /* Main.storyboard */ = {
			isa = PBXVariantGroup;
			children = (
				855064E420A37BBE0039E9AD /* Base */,
			);
			name = Main.storyboard;
			sourceTree = "<group>";
		};
		855064E820A37BC00039E9AD /* LaunchScreen.storyboard */ = {
			isa = PBXVariantGroup;
			children = (
				855064E920A37BC00039E9AD /* Base */,
			);
			name = LaunchScreen.storyboard;
			sourceTree = "<group>";
		};
/* End PBXVariantGroup section */

/* Begin XCBuildConfiguration section */
		855064F720A37BC00039E9AD /* Debug */ = {
			isa = XCBuildConfiguration;
			buildSettings = {
				ALWAYS_SEARCH_USER_PATHS = NO;
				CLANG_ANALYZER_NONNULL = YES;
				CLANG_ANALYZER_NUMBER_OBJECT_CONVERSION = YES_AGGRESSIVE;
				CLANG_CXX_LANGUAGE_STANDARD = "gnu++14";
				CLANG_CXX_LIBRARY = "libc++";
				CLANG_ENABLE_MODULES = YES;
				CLANG_ENABLE_OBJC_ARC = YES;
				CLANG_ENABLE_OBJC_WEAK = YES;
				CLANG_WARN_BLOCK_CAPTURE_AUTORELEASING = YES;
				CLANG_WARN_BOOL_CONVERSION = YES;
				CLANG_WARN_COMMA = YES;
				CLANG_WARN_CONSTANT_CONVERSION = YES;
				CLANG_WARN_DEPRECATED_OBJC_IMPLEMENTATIONS = YES;
				CLANG_WARN_DIRECT_OBJC_ISA_USAGE = YES_ERROR;
				CLANG_WARN_DOCUMENTATION_COMMENTS = YES;
				CLANG_WARN_EMPTY_BODY = YES;
				CLANG_WARN_ENUM_CONVERSION = YES;
				CLANG_WARN_INFINITE_RECURSION = YES;
				CLANG_WARN_INT_CONVERSION = YES;
				CLANG_WARN_NON_LITERAL_NULL_CONVERSION = YES;
				CLANG_WARN_OBJC_IMPLICIT_RETAIN_SELF = YES;
				CLANG_WARN_OBJC_LITERAL_CONVERSION = YES;
				CLANG_WARN_OBJC_ROOT_CLASS = YES_ERROR;
				CLANG_WARN_RANGE_LOOP_ANALYSIS = YES;
				CLANG_WARN_STRICT_PROTOTYPES = YES;
				CLANG_WARN_SUSPICIOUS_MOVE = YES;
				CLANG_WARN_UNGUARDED_AVAILABILITY = YES_AGGRESSIVE;
				CLANG_WARN_UNREACHABLE_CODE = YES;
				CLANG_WARN__DUPLICATE_METHOD_MATCH = YES;
				CODE_SIGN_IDENTITY = "iPhone Developer";
				COPY_PHASE_STRIP = NO;
				DEBUG_INFORMATION_FORMAT = dwarf;
				ENABLE_STRICT_OBJC_MSGSEND = YES;
				ENABLE_TESTABILITY = YES;
				GCC_C_LANGUAGE_STANDARD = gnu11;
				GCC_DYNAMIC_NO_PIC = NO;
				GCC_NO_COMMON_BLOCKS = YES;
				GCC_OPTIMIZATION_LEVEL = 0;
				GCC_PREPROCESSOR_DEFINITIONS = (
					"DEBUG=1",
					"$(inherited)",
				);
				GCC_WARN_64_TO_32_BIT_CONVERSION = YES;
				GCC_WARN_ABOUT_RETURN_TYPE = YES_ERROR;
				GCC_WARN_UNDECLARED_SELECTOR = YES;
				GCC_WARN_UNINITIALIZED_AUTOS = YES_AGGRESSIVE;
				GCC_WARN_UNUSED_FUNCTION = YES;
				GCC_WARN_UNUSED_VARIABLE = YES;
				IPHONEOS_DEPLOYMENT_TARGET = 11.3;
				MTL_ENABLE_DEBUG_INFO = YES;
				ONLY_ACTIVE_ARCH = YES;
				SDKROOT = iphoneos;
				SWIFT_ACTIVE_COMPILATION_CONDITIONS = DEBUG;
				SWIFT_OPTIMIZATION_LEVEL = "-Onone";
			};
			name = Debug;
		};
		855064F820A37BC00039E9AD /* Release */ = {
			isa = XCBuildConfiguration;
			buildSettings = {
				ALWAYS_SEARCH_USER_PATHS = NO;
				CLANG_ANALYZER_NONNULL = YES;
				CLANG_ANALYZER_NUMBER_OBJECT_CONVERSION = YES_AGGRESSIVE;
				CLANG_CXX_LANGUAGE_STANDARD = "gnu++14";
				CLANG_CXX_LIBRARY = "libc++";
				CLANG_ENABLE_MODULES = YES;
				CLANG_ENABLE_OBJC_ARC = YES;
				CLANG_ENABLE_OBJC_WEAK = YES;
				CLANG_WARN_BLOCK_CAPTURE_AUTORELEASING = YES;
				CLANG_WARN_BOOL_CONVERSION = YES;
				CLANG_WARN_COMMA = YES;
				CLANG_WARN_CONSTANT_CONVERSION = YES;
				CLANG_WARN_DEPRECATED_OBJC_IMPLEMENTATIONS = YES;
				CLANG_WARN_DIRECT_OBJC_ISA_USAGE = YES_ERROR;
				CLANG_WARN_DOCUMENTATION_COMMENTS = YES;
				CLANG_WARN_EMPTY_BODY = YES;
				CLANG_WARN_ENUM_CONVERSION = YES;
				CLANG_WARN_INFINITE_RECURSION = YES;
				CLANG_WARN_INT_CONVERSION = YES;
				CLANG_WARN_NON_LITERAL_NULL_CONVERSION = YES;
				CLANG_WARN_OBJC_IMPLICIT_RETAIN_SELF = YES;
				CLANG_WARN_OBJC_LITERAL_CONVERSION = YES;
				CLANG_WARN_OBJC_ROOT_CLASS = YES_ERROR;
				CLANG_WARN_RANGE_LOOP_ANALYSIS = YES;
				CLANG_WARN_STRICT_PROTOTYPES = YES;
				CLANG_WARN_SUSPICIOUS_MOVE = YES;
				CLANG_WARN_UNGUARDED_AVAILABILITY = YES_AGGRESSIVE;
				CLANG_WARN_UNREACHABLE_CODE = YES;
				CLANG_WARN__DUPLICATE_METHOD_MATCH = YES;
				CODE_SIGN_IDENTITY = "iPhone Developer";
				COPY_PHASE_STRIP = NO;
				DEBUG_INFORMATION_FORMAT = "dwarf-with-dsym";
				ENABLE_NS_ASSERTIONS = NO;
				ENABLE_STRICT_OBJC_MSGSEND = YES;
				GCC_C_LANGUAGE_STANDARD = gnu11;
				GCC_NO_COMMON_BLOCKS = YES;
				GCC_WARN_64_TO_32_BIT_CONVERSION = YES;
				GCC_WARN_ABOUT_RETURN_TYPE = YES_ERROR;
				GCC_WARN_UNDECLARED_SELECTOR = YES;
				GCC_WARN_UNINITIALIZED_AUTOS = YES_AGGRESSIVE;
				GCC_WARN_UNUSED_FUNCTION = YES;
				GCC_WARN_UNUSED_VARIABLE = YES;
				IPHONEOS_DEPLOYMENT_TARGET = 11.3;
				MTL_ENABLE_DEBUG_INFO = NO;
				SDKROOT = iphoneos;
				SWIFT_COMPILATION_MODE = wholemodule;
				SWIFT_OPTIMIZATION_LEVEL = "-O";
				VALIDATE_PRODUCT = YES;
			};
			name = Release;
		};
		855064FA20A37BC00039E9AD /* Debug */ = {
			isa = XCBuildConfiguration;
			buildSettings = {
				ASSETCATALOG_COMPILER_APPICON_NAME = AppIcon;
				CODE_SIGN_STYLE = Automatic;
				INFOPLIST_FILE = Moodie/Info.plist;
				LD_RUNPATH_SEARCH_PATHS = (
					"$(inherited)",
					"@executable_path/Frameworks",
				);
				PRODUCT_BUNDLE_IDENTIFIER = revivebrandmanagement.com.Moodie;
				PRODUCT_NAME = "$(TARGET_NAME)";
				SWIFT_VERSION = 4.0;
				TARGETED_DEVICE_FAMILY = "1,2";
			};
			name = Debug;
		};
		855064FB20A37BC00039E9AD /* Release */ = {
			isa = XCBuildConfiguration;
			buildSettings = {
				ASSETCATALOG_COMPILER_APPICON_NAME = AppIcon;
				CODE_SIGN_STYLE = Automatic;
				INFOPLIST_FILE = Moodie/Info.plist;
				LD_RUNPATH_SEARCH_PATHS = (
					"$(inherited)",
					"@executable_path/Frameworks",
				);
				PRODUCT_BUNDLE_IDENTIFIER = revivebrandmanagement.com.Moodie;
				PRODUCT_NAME = "$(TARGET_NAME)";
				SWIFT_VERSION = 4.0;
				TARGETED_DEVICE_FAMILY = "1,2";
			};
			name = Release;
		};
		855064FD20A37BC00039E9AD /* Debug */ = {
			isa = XCBuildConfiguration;
			buildSettings = {
				ALWAYS_EMBED_SWIFT_STANDARD_LIBRARIES = YES;
				BUNDLE_LOADER = "$(TEST_HOST)";
				CODE_SIGN_STYLE = Automatic;
				INFOPLIST_FILE = MoodieTests/Info.plist;
				LD_RUNPATH_SEARCH_PATHS = (
					"$(inherited)",
					"@executable_path/Frameworks",
					"@loader_path/Frameworks",
				);
				PRODUCT_BUNDLE_IDENTIFIER = revivebrandmanagement.com.MoodieTests;
				PRODUCT_NAME = "$(TARGET_NAME)";
				SWIFT_VERSION = 4.0;
				TARGETED_DEVICE_FAMILY = "1,2";
				TEST_HOST = "$(BUILT_PRODUCTS_DIR)/Moodie.app/Moodie";
			};
			name = Debug;
		};
		855064FE20A37BC00039E9AD /* Release */ = {
			isa = XCBuildConfiguration;
			buildSettings = {
				ALWAYS_EMBED_SWIFT_STANDARD_LIBRARIES = YES;
				BUNDLE_LOADER = "$(TEST_HOST)";
				CODE_SIGN_STYLE = Automatic;
				INFOPLIST_FILE = MoodieTests/Info.plist;
				LD_RUNPATH_SEARCH_PATHS = (
					"$(inherited)",
					"@executable_path/Frameworks",
					"@loader_path/Frameworks",
				);
				PRODUCT_BUNDLE_IDENTIFIER = revivebrandmanagement.com.MoodieTests;
				PRODUCT_NAME = "$(TARGET_NAME)";
				SWIFT_VERSION = 4.0;
				TARGETED_DEVICE_FAMILY = "1,2";
				TEST_HOST = "$(BUILT_PRODUCTS_DIR)/Moodie.app/Moodie";
			};
			name = Release;
		};
/* End XCBuildConfiguration section */

/* Begin XCConfigurationList section */
		855064D720A37BBE0039E9AD /* Build configuration list for PBXProject "Moodie" */ = {
			isa = XCConfigurationList;
			buildConfigurations = (
				855064F720A37BC00039E9AD /* Debug */,
				855064F820A37BC00039E9AD /* Release */,
			);
			defaultConfigurationIsVisible = 0;
			defaultConfigurationName = Release;
		};
		855064F920A37BC00039E9AD /* Build configuration list for PBXNativeTarget "Moodie" */ = {
			isa = XCConfigurationList;
			buildConfigurations = (
				855064FA20A37BC00039E9AD /* Debug */,
				855064FB20A37BC00039E9AD /* Release */,
			);
			defaultConfigurationIsVisible = 0;
			defaultConfigurationName = Release;
		};
		855064FC20A37BC00039E9AD /* Build configuration list for PBXNativeTarget "MoodieTests" */ = {
			isa = XCConfigurationList;
			buildConfigurations = (
				855064FD20A37BC00039E9AD /* Debug */,
				855064FE20A37BC00039E9AD /* Release */,
			);
			defaultConfigurationIsVisible = 0;
			defaultConfigurationName = Release;
		};
/* End XCConfigurationList section */
	};
	rootObject = 855064D420A37BBE0039E9AD /* Project object */;
}
